// !$*UTF8*$!
{
	archiveVersion = 1;
	classes = {
	};
	objectVersion = 48;
	objects = {

/* Begin PBXBuildFile section */
		880DBE5220AC777200041F40 /* AppDelegate.swift in Sources */ = {isa = PBXBuildFile; fileRef = 880DBE5120AC777200041F40 /* AppDelegate.swift */; };
		880DBE5420AC777200041F40 /* ViewController.swift in Sources */ = {isa = PBXBuildFile; fileRef = 880DBE5320AC777200041F40 /* ViewController.swift */; };
		880DBE5720AC777200041F40 /* Main.storyboard in Resources */ = {isa = PBXBuildFile; fileRef = 880DBE5520AC777200041F40 /* Main.storyboard */; };
		880DBE5A20AC777200041F40 /* CoreData.xcdatamodeld in Sources */ = {isa = PBXBuildFile; fileRef = 880DBE5820AC777200041F40 /* CoreData.xcdatamodeld */; };
		880DBE5C20AC777300041F40 /* Assets.xcassets in Resources */ = {isa = PBXBuildFile; fileRef = 880DBE5B20AC777300041F40 /* Assets.xcassets */; };
		880DBE5F20AC777300041F40 /* LaunchScreen.storyboard in Resources */ = {isa = PBXBuildFile; fileRef = 880DBE5D20AC777300041F40 /* LaunchScreen.storyboard */; };
		880DBE6B20AC794C00041F40 /* Cidade+CoreDataClass.swift in Sources */ = {isa = PBXBuildFile; fileRef = 880DBE6720AC794C00041F40 /* Cidade+CoreDataClass.swift */; };
		880DBE6C20AC794C00041F40 /* Cidade+CoreDataProperties.swift in Sources */ = {isa = PBXBuildFile; fileRef = 880DBE6820AC794C00041F40 /* Cidade+CoreDataProperties.swift */; };
		880DBE6D20AC794C00041F40 /* Pais+CoreDataClass.swift in Sources */ = {isa = PBXBuildFile; fileRef = 880DBE6920AC794C00041F40 /* Pais+CoreDataClass.swift */; };
		880DBE6E20AC794C00041F40 /* Pais+CoreDataProperties.swift in Sources */ = {isa = PBXBuildFile; fileRef = 880DBE6A20AC794C00041F40 /* Pais+CoreDataProperties.swift */; };
/* End PBXBuildFile section */

/* Begin PBXFileReference section */
		880DBE4E20AC777200041F40 /* CoreData_app.app */ = {isa = PBXFileReference; explicitFileType = wrapper.application; includeInIndex = 0; path = CoreData_app.app; sourceTree = BUILT_PRODUCTS_DIR; };
		880DBE5120AC777200041F40 /* AppDelegate.swift */ = {isa = PBXFileReference; lastKnownFileType = sourcecode.swift; path = AppDelegate.swift; sourceTree = "<group>"; };
		880DBE5320AC777200041F40 /* ViewController.swift */ = {isa = PBXFileReference; lastKnownFileType = sourcecode.swift; path = ViewController.swift; sourceTree = "<group>"; };
		880DBE5620AC777200041F40 /* Base */ = {isa = PBXFileReference; lastKnownFileType = file.storyboard; name = Base; path = Base.lproj/Main.storyboard; sourceTree = "<group>"; };
		880DBE5920AC777200041F40 /* CoreData.xcdatamodel */ = {isa = PBXFileReference; lastKnownFileType = wrapper.xcdatamodel; path = CoreData.xcdatamodel; sourceTree = "<group>"; };
		880DBE5B20AC777300041F40 /* Assets.xcassets */ = {isa = PBXFileReference; lastKnownFileType = folder.assetcatalog; path = Assets.xcassets; sourceTree = "<group>"; };
		880DBE5E20AC777300041F40 /* Base */ = {isa = PBXFileReference; lastKnownFileType = file.storyboard; name = Base; path = Base.lproj/LaunchScreen.storyboard; sourceTree = "<group>"; };
		880DBE6020AC777300041F40 /* Info.plist */ = {isa = PBXFileReference; lastKnownFileType = text.plist.xml; path = Info.plist; sourceTree = "<group>"; };
		880DBE6720AC794C00041F40 /* Cidade+CoreDataClass.swift */ = {isa = PBXFileReference; lastKnownFileType = sourcecode.swift; path = "Cidade+CoreDataClass.swift"; sourceTree = "<group>"; };
		880DBE6820AC794C00041F40 /* Cidade+CoreDataProperties.swift */ = {isa = PBXFileReference; lastKnownFileType = sourcecode.swift; path = "Cidade+CoreDataProperties.swift"; sourceTree = "<group>"; };
		880DBE6920AC794C00041F40 /* Pais+CoreDataClass.swift */ = {isa = PBXFileReference; lastKnownFileType = sourcecode.swift; path = "Pais+CoreDataClass.swift"; sourceTree = "<group>"; };
		880DBE6A20AC794C00041F40 /* Pais+CoreDataProperties.swift */ = {isa = PBXFileReference; lastKnownFileType = sourcecode.swift; path = "Pais+CoreDataProperties.swift"; sourceTree = "<group>"; };
/* End PBXFileReference section */

/* Begin PBXFrameworksBuildPhase section */
		880DBE4B20AC777200041F40 /* Frameworks */ = {
			isa = PBXFrameworksBuildPhase;
			buildActionMask = 2147483647;
			files = (
			);
			runOnlyForDeploymentPostprocessing = 0;
		};
/* End PBXFrameworksBuildPhase section */

/* Begin PBXGroup section */
		880DBE4520AC777200041F40 = {
			isa = PBXGroup;
			children = (
				880DBE5020AC777200041F40 /* CoreData */,
				880DBE4F20AC777200041F40 /* Products */,
			);
			sourceTree = "<group>";
		};
		880DBE4F20AC777200041F40 /* Products */ = {
			isa = PBXGroup;
			children = (
				880DBE4E20AC777200041F40 /* CoreData_app.app */,
			);
			name = Products;
			sourceTree = "<group>";
		};
		880DBE5020AC777200041F40 /* CoreData */ = {
			isa = PBXGroup;
			children = (
				880DBE6620AC792800041F40 /* MO */,
				880DBE5120AC777200041F40 /* AppDelegate.swift */,
				880DBE5320AC777200041F40 /* ViewController.swift */,
				880DBE5520AC777200041F40 /* Main.storyboard */,
				880DBE5B20AC777300041F40 /* Assets.xcassets */,
				880DBE5D20AC777300041F40 /* LaunchScreen.storyboard */,
				880DBE6020AC777300041F40 /* Info.plist */,
				880DBE5820AC777200041F40 /* CoreData.xcdatamodeld */,
			);
			path = CoreData;
			sourceTree = "<group>";
		};
		880DBE6620AC792800041F40 /* MO */ = {
			isa = PBXGroup;
			children = (
				880DBE6720AC794C00041F40 /* Cidade+CoreDataClass.swift */,
				880DBE6820AC794C00041F40 /* Cidade+CoreDataProperties.swift */,
				880DBE6920AC794C00041F40 /* Pais+CoreDataClass.swift */,
				880DBE6A20AC794C00041F40 /* Pais+CoreDataProperties.swift */,
			);
			path = MO;
			sourceTree = "<group>";
		};
/* End PBXGroup section */

/* Begin PBXNativeTarget section */
		880DBE4D20AC777200041F40 /* CoreData_app */ = {
			isa = PBXNativeTarget;
			buildConfigurationList = 880DBE6320AC777300041F40 /* Build configuration list for PBXNativeTarget "CoreData_app" */;
			buildPhases = (
				880DBE4A20AC777200041F40 /* Sources */,
				880DBE4B20AC777200041F40 /* Frameworks */,
				880DBE4C20AC777200041F40 /* Resources */,
			);
			buildRules = (
			);
			dependencies = (
			);
			name = CoreData_app;
			productName = CoreData;
			productReference = 880DBE4E20AC777200041F40 /* CoreData_app.app */;
			productType = "com.apple.product-type.application";
		};
/* End PBXNativeTarget section */

/* Begin PBXProject section */
		880DBE4620AC777200041F40 /* Project object */ = {
			isa = PBXProject;
			attributes = {
				LastSwiftUpdateCheck = 0930;
				LastUpgradeCheck = 0930;
				ORGANIZATIONNAME = ei;
				TargetAttributes = {
					880DBE4D20AC777200041F40 = {
						CreatedOnToolsVersion = 9.3;
						ProvisioningStyle = Automatic;
					};
				};
			};
			buildConfigurationList = 880DBE4920AC777200041F40 /* Build configuration list for PBXProject "CoreData_app" */;
			compatibilityVersion = "Xcode 8.0";
			developmentRegion = en;
			hasScannedForEncodings = 0;
			knownRegions = (
				en,
				Base,
			);
			mainGroup = 880DBE4520AC777200041F40;
			productRefGroup = 880DBE4F20AC777200041F40 /* Products */;
			projectDirPath = "";
			projectRoot = "";
			targets = (
				880DBE4D20AC777200041F40 /* CoreData_app */,
			);
		};
/* End PBXProject section */

/* Begin PBXResourcesBuildPhase section */
		880DBE4C20AC777200041F40 /* Resources */ = {
			isa = PBXResourcesBuildPhase;
			buildActionMask = 2147483647;
			files = (
				880DBE5F20AC777300041F40 /* LaunchScreen.storyboard in Resources */,
				880DBE5C20AC777300041F40 /* Assets.xcassets in Resources */,
				880DBE5720AC777200041F40 /* Main.storyboard in Resources */,
			);
			runOnlyForDeploymentPostprocessing = 0;
		};
/* End PBXResourcesBuildPhase section */

/* Begin PBXSourcesBuildPhase section */
		880DBE4A20AC777200041F40 /* Sources */ = {
			isa = PBXSourcesBuildPhase;
			buildActionMask = 2147483647;
			files = (
				880DBE5420AC777200041F40 /* ViewController.swift in Sources */,
				880DBE6C20AC794C00041F40 /* Cidade+CoreDataProperties.swift in Sources */,
				880DBE5220AC777200041F40 /* AppDelegate.swift in Sources */,
				880DBE5A20AC777200041F40 /* CoreData.xcdatamodeld in Sources */,
				880DBE6E20AC794C00041F40 /* Pais+CoreDataProperties.swift in Sources */,
				880DBE6D20AC794C00041F40 /* Pais+CoreDataClass.swift in Sources */,
				880DBE6B20AC794C00041F40 /* Cidade+CoreDataClass.swift in Sources */,
			);
			runOnlyForDeploymentPostprocessing = 0;
		};
/* End PBXSourcesBuildPhase section */

/* Begin PBXVariantGroup section */
		880DBE5520AC777200041F40 /* Main.storyboard */ = {
			isa = PBXVariantGroup;
			children = (
				880DBE5620AC777200041F40 /* Base */,
			);
			name = Main.storyboard;
			sourceTree = "<group>";
		};
		880DBE5D20AC777300041F40 /* LaunchScreen.storyboard */ = {
			isa = PBXVariantGroup;
			children = (
				880DBE5E20AC777300041F40 /* Base */,
			);
			name = LaunchScreen.storyboard;
			sourceTree = "<group>";
		};
/* End PBXVariantGroup section */

/* Begin XCBuildConfiguration section */
		880DBE6120AC777300041F40 /* Debug */ = {
			isa = XCBuildConfiguration;
			buildSettings = {
				ALWAYS_SEARCH_USER_PATHS = NO;
				CLANG_ANALYZER_NONNULL = YES;
				CLANG_ANALYZER_NUMBER_OBJECT_CONVERSION = YES_AGGRESSIVE;
				CLANG_CXX_LANGUAGE_STANDARD = "gnu++14";
				CLANG_CXX_LIBRARY = "libc++";
				CLANG_ENABLE_MODULES = YES;
				CLANG_ENABLE_OBJC_ARC = YES;
				CLANG_ENABLE_OBJC_WEAK = YES;
				CLANG_WARN_BLOCK_CAPTURE_AUTORELEASING = YES;
				CLANG_WARN_BOOL_CONVERSION = YES;
				CLANG_WARN_COMMA = YES;
				CLANG_WARN_CONSTANT_CONVERSION = YES;
				CLANG_WARN_DEPRECATED_OBJC_IMPLEMENTATIONS = YES;
				CLANG_WARN_DIRECT_OBJC_ISA_USAGE = YES_ERROR;
				CLANG_WARN_DOCUMENTATION_COMMENTS = YES;
				CLANG_WARN_EMPTY_BODY = YES;
				CLANG_WARN_ENUM_CONVERSION = YES;
				CLANG_WARN_INFINITE_RECURSION = YES;
				CLANG_WARN_INT_CONVERSION = YES;
				CLANG_WARN_NON_LITERAL_NULL_CONVERSION = YES;
				CLANG_WARN_OBJC_IMPLICIT_RETAIN_SELF = YES;
				CLANG_WARN_OBJC_LITERAL_CONVERSION = YES;
				CLANG_WARN_OBJC_ROOT_CLASS = YES_ERROR;
				CLANG_WARN_RANGE_LOOP_ANALYSIS = YES;
				CLANG_WARN_STRICT_PROTOTYPES = YES;
				CLANG_WARN_SUSPICIOUS_MOVE = YES;
				CLANG_WARN_UNGUARDED_AVAILABILITY = YES_AGGRESSIVE;
				CLANG_WARN_UNREACHABLE_CODE = YES;
				CLANG_WARN__DUPLICATE_METHOD_MATCH = YES;
				CODE_SIGN_IDENTITY = "iPhone Developer";
				COPY_PHASE_STRIP = NO;
				DEBUG_INFORMATION_FORMAT = dwarf;
				ENABLE_STRICT_OBJC_MSGSEND = YES;
				ENABLE_TESTABILITY = YES;
				GCC_C_LANGUAGE_STANDARD = gnu11;
				GCC_DYNAMIC_NO_PIC = NO;
				GCC_NO_COMMON_BLOCKS = YES;
				GCC_OPTIMIZATION_LEVEL = 0;
				GCC_PREPROCESSOR_DEFINITIONS = (
					"DEBUG=1",
					"$(inherited)",
				);
				GCC_WARN_64_TO_32_BIT_CONVERSION = YES;
				GCC_WARN_ABOUT_RETURN_TYPE = YES_ERROR;
				GCC_WARN_UNDECLARED_SELECTOR = YES;
				GCC_WARN_UNINITIALIZED_AUTOS = YES_AGGRESSIVE;
				GCC_WARN_UNUSED_FUNCTION = YES;
				GCC_WARN_UNUSED_VARIABLE = YES;
				IPHONEOS_DEPLOYMENT_TARGET = 11.3;
				MTL_ENABLE_DEBUG_INFO = YES;
				ONLY_ACTIVE_ARCH = YES;
				SDKROOT = iphoneos;
				SWIFT_ACTIVE_COMPILATION_CONDITIONS = DEBUG;
				SWIFT_OPTIMIZATION_LEVEL = "-Onone";
			};
			name = Debug;
		};
		880DBE6220AC777300041F40 /* Release */ = {
			isa = XCBuildConfiguration;
			buildSettings = {
				ALWAYS_SEARCH_USER_PATHS = NO;
				CLANG_ANALYZER_NONNULL = YES;
				CLANG_ANALYZER_NUMBER_OBJECT_CONVERSION = YES_AGGRESSIVE;
				CLANG_CXX_LANGUAGE_STANDARD = "gnu++14";
				CLANG_CXX_LIBRARY = "libc++";
				CLANG_ENABLE_MODULES = YES;
				CLANG_ENABLE_OBJC_ARC = YES;
				CLANG_ENABLE_OBJC_WEAK = YES;
				CLANG_WARN_BLOCK_CAPTURE_AUTORELEASING = YES;
				CLANG_WARN_BOOL_CONVERSION = YES;
				CLANG_WARN_COMMA = YES;
				CLANG_WARN_CONSTANT_CONVERSION = YES;
				CLANG_WARN_DEPRECATED_OBJC_IMPLEMENTATIONS = YES;
				CLANG_WARN_DIRECT_OBJC_ISA_USAGE = YES_ERROR;
				CLANG_WARN_DOCUMENTATION_COMMENTS = YES;
				CLANG_WARN_EMPTY_BODY = YES;
				CLANG_WARN_ENUM_CONVERSION = YES;
				CLANG_WARN_INFINITE_RECURSION = YES;
				CLANG_WARN_INT_CONVERSION = YES;
				CLANG_WARN_NON_LITERAL_NULL_CONVERSION = YES;
				CLANG_WARN_OBJC_IMPLICIT_RETAIN_SELF = YES;
				CLANG_WARN_OBJC_LITERAL_CONVERSION = YES;
				CLANG_WARN_OBJC_ROOT_CLASS = YES_ERROR;
				CLANG_WARN_RANGE_LOOP_ANALYSIS = YES;
				CLANG_WARN_STRICT_PROTOTYPES = YES;
				CLANG_WARN_SUSPICIOUS_MOVE = YES;
				CLANG_WARN_UNGUARDED_AVAILABILITY = YES_AGGRESSIVE;
				CLANG_WARN_UNREACHABLE_CODE = YES;
				CLANG_WARN__DUPLICATE_METHOD_MATCH = YES;
				CODE_SIGN_IDENTITY = "iPhone Developer";
				COPY_PHASE_STRIP = NO;
				DEBUG_INFORMATION_FORMAT = "dwarf-with-dsym";
				ENABLE_NS_ASSERTIONS = NO;
				ENABLE_STRICT_OBJC_MSGSEND = YES;
				GCC_C_LANGUAGE_STANDARD = gnu11;
				GCC_NO_COMMON_BLOCKS = YES;
				GCC_WARN_64_TO_32_BIT_CONVERSION = YES;
				GCC_WARN_ABOUT_RETURN_TYPE = YES_ERROR;
				GCC_WARN_UNDECLARED_SELECTOR = YES;
				GCC_WARN_UNINITIALIZED_AUTOS = YES_AGGRESSIVE;
				GCC_WARN_UNUSED_FUNCTION = YES;
				GCC_WARN_UNUSED_VARIABLE = YES;
				IPHONEOS_DEPLOYMENT_TARGET = 11.3;
				MTL_ENABLE_DEBUG_INFO = NO;
				SDKROOT = iphoneos;
				SWIFT_OPTIMIZATION_LEVEL = "-Owholemodule";
				VALIDATE_PRODUCT = YES;
			};
			name = Release;
		};
		880DBE6420AC777300041F40 /* Debug */ = {
			isa = XCBuildConfiguration;
			buildSettings = {
				ASSETCATALOG_COMPILER_APPICON_NAME = AppIcon;
				CODE_SIGN_STYLE = Automatic;
				DEVELOPMENT_TEAM = Z9EJMNHN7R;
				INFOPLIST_FILE = CoreData/Info.plist;
				IPHONEOS_DEPLOYMENT_TARGET = 10.0;
				LD_RUNPATH_SEARCH_PATHS = "$(inherited) @executable_path/Frameworks";
				PRODUCT_BUNDLE_IDENTIFIER = pt.ipvc.estg.CoreData;
				PRODUCT_NAME = "$(TARGET_NAME)";
				SWIFT_VERSION = 4.0;
				TARGETED_DEVICE_FAMILY = "1,2";
			};
			name = Debug;
		};
		880DBE6520AC777300041F40 /* Release */ = {
			isa = XCBuildConfiguration;
			buildSettings = {
				ASSETCATALOG_COMPILER_APPICON_NAME = AppIcon;
				CODE_SIGN_STYLE = Automatic;
				DEVELOPMENT_TEAM = Z9EJMNHN7R;
				INFOPLIST_FILE = CoreData/Info.plist;
				IPHONEOS_DEPLOYMENT_TARGET = 10.0;
				LD_RUNPATH_SEARCH_PATHS = "$(inherited) @executable_path/Frameworks";
				PRODUCT_BUNDLE_IDENTIFIER = pt.ipvc.estg.CoreData;
				PRODUCT_NAME = "$(TARGET_NAME)";
				SWIFT_VERSION = 4.0;
				TARGETED_DEVICE_FAMILY = "1,2";
			};
			name = Release;
		};
/* End XCBuildConfiguration section */

/* Begin XCConfigurationList section */
		880DBE4920AC777200041F40 /* Build configuration list for PBXProject "CoreData_app" */ = {
			isa = XCConfigurationList;
			buildConfigurations = (
				880DBE6120AC777300041F40 /* Debug */,
				880DBE6220AC777300041F40 /* Release */,
			);
			defaultConfigurationIsVisible = 0;
			defaultConfigurationName = Release;
		};
		880DBE6320AC777300041F40 /* Build configuration list for PBXNativeTarget "CoreData_app" */ = {
			isa = XCConfigurationList;
			buildConfigurations = (
				880DBE6420AC777300041F40 /* Debug */,
				880DBE6520AC777300041F40 /* Release */,
			);
			defaultConfigurationIsVisible = 0;
			defaultConfigurationName = Release;
		};
/* End XCConfigurationList section */

/* Begin XCVersionGroup section */
		880DBE5820AC777200041F40 /* CoreData.xcdatamodeld */ = {
			isa = XCVersionGroup;
			children = (
				880DBE5920AC777200041F40 /* CoreData.xcdatamodel */,
			);
			currentVersion = 880DBE5920AC777200041F40 /* CoreData.xcdatamodel */;
			path = CoreData.xcdatamodeld;
			sourceTree = "<group>";
			versionGroupType = wrapper.xcdatamodel;
		};
/* End XCVersionGroup section */
	};
	rootObject = 880DBE4620AC777200041F40 /* Project object */;
}
